
Microsoft Visual Studio Solution File, Format Version 12.00
# Visual Studio Version 17
VisualStudioVersion = 17.7.34031.279
MinimumVisualStudioVersion = 10.0.40219.1
Project("{FAE04EC0-301F-11D3-BF4B-00C04F79EFBC}") = "HashUtility", "HashUtility.csproj", "{ED775CE3-3542-4468-A79E-D42BD1EA56D3}"
EndProject
Global
	GlobalSection(SolutionConfigurationPlatforms) = preSolution
		Debug|Any CPU = Debug|Any CPU
		Release|Any CPU = Release|Any CPU
	EndGlobalSection
	GlobalSection(ProjectConfigurationPlatforms) = postSolution
		{ED775CE3-3542-4468-A79E-D42BD1EA56D3}.Debug|Any CPU.ActiveCfg = Debug|Any CPU
		{ED775CE3-3542-4468-A79E-D42BD1EA56D3}.Debug|Any CPU.Build.0 = Debug|Any CPU
		{ED775CE3-3542-4468-A79E-D42BD1EA56D3}.Release|Any CPU.ActiveCfg = Release|Any CPU
		{ED775CE3-3542-4468-A79E-D42BD1EA56D3}.Release|Any CPU.Build.0 = Release|Any CPU
	EndGlobalSection
	GlobalSection(SolutionProperties) = preSolution
		HideSolutionNode = FALSE
	EndGlobalSection
	GlobalSection(ExtensibilityGlobals) = postSolution
		SolutionGuid = {80CFA662-4FE5-4DE6-82AA-4D6159E933C7}
	EndGlobalSection
EndGlobal
